// !$*UTF8*$!
{
	archiveVersion = 1;
	classes = {
	};
	objectVersion = 54;
	objects = {

/* Begin PBXBuildFile section */
		00E356F31AD99517003FC87E /* CoffeeAppTests.m in Sources */ = {isa = PBXBuildFile; fileRef = 00E356F21AD99517003FC87E /* CoffeeAppTests.m */; };
		0C80B921A6F3F58F76C31292 /* libPods-CoffeeApp.a in Frameworks */ = {isa = PBXBuildFile; fileRef = 5DCACB8F33CDC322A6C60F78 /* libPods-CoffeeApp.a */; };
		13B07FBC1A68108700A75B9A /* AppDelegate.mm in Sources */ = {isa = PBXBuildFile; fileRef = 13B07FB01A68108700A75B9A /* AppDelegate.mm */; };
		13B07FBF1A68108700A75B9A /* Images.xcassets in Resources */ = {isa = PBXBuildFile; fileRef = 13B07FB51A68108700A75B9A /* Images.xcassets */; };
		13B07FC11A68108700A75B9A /* main.m in Sources */ = {isa = PBXBuildFile; fileRef = 13B07FB71A68108700A75B9A /* main.m */; };
		7699B88040F8A987B510C191 /* libPods-CoffeeApp-CoffeeAppTests.a in Frameworks */ = {isa = PBXBuildFile; fileRef = 19F6CBCC0A4E27FBF8BF4A61 /* libPods-CoffeeApp-CoffeeAppTests.a */; };
		81AB9BB82411601600AC10FF /* LaunchScreen.storyboard in Resources */ = {isa = PBXBuildFile; fileRef = 81AB9BB72411601600AC10FF /* LaunchScreen.storyboard */; };
		0248BC6743BA43B282FC2756 /* app_icons.ttf in Resources */ = {isa = PBXBuildFile; fileRef = 13A4684AE4F94497BFE0F351 /* app_icons.ttf */; };
		20CC5CF3D4554785AA855D98 /* Poppins-Black.ttf in Resources */ = {isa = PBXBuildFile; fileRef = 97A4F88FA0F8425FA089EF42 /* Poppins-Black.ttf */; };
		A99F5B8682CB434CABD26F79 /* Poppins-Bold.ttf in Resources */ = {isa = PBXBuildFile; fileRef = F9FBAA3217604D499B68A97A /* Poppins-Bold.ttf */; };
		BC2390C1D0CF49C6B7A24F92 /* Poppins-ExtraBold.ttf in Resources */ = {isa = PBXBuildFile; fileRef = 5510CA71757F43BE93A460C9 /* Poppins-ExtraBold.ttf */; };
		501C603DA16D4149845FB72F /* Poppins-ExtraLight.ttf in Resources */ = {isa = PBXBuildFile; fileRef = 32C09C3E6D094577AD21998D /* Poppins-ExtraLight.ttf */; };
		9B1CC87EA8394961B73F95F5 /* Poppins-Light.ttf in Resources */ = {isa = PBXBuildFile; fileRef = 3172D66932A2450B9DE57EB9 /* Poppins-Light.ttf */; };
		F0AEC2C53B0B4EFB917DA296 /* Poppins-Medium.ttf in Resources */ = {isa = PBXBuildFile; fileRef = 0E9B060DAEED48CFA378A148 /* Poppins-Medium.ttf */; };
		92FBBC2A3D624068BCF6404D /* Poppins-Regular.ttf in Resources */ = {isa = PBXBuildFile; fileRef = A822E3E125954FA696286E13 /* Poppins-Regular.ttf */; };
		74951F168483482CB2C5D215 /* Poppins-SemiBold.ttf in Resources */ = {isa = PBXBuildFile; fileRef = EEBF5CFF45594A3CA64B063B /* Poppins-SemiBold.ttf */; };
		37FA8C68AC47445DB542CDAA /* Poppins-Thin.ttf in Resources */ = {isa = PBXBuildFile; fileRef = 5884248556D0446D9E3C1717 /* Poppins-Thin.ttf */; };
		079D114572AC467EAE6C577A /* amazonpay.png in Resources */ = {isa = PBXBuildFile; fileRef = E803FB9B2EDE4AE5AD716911 /* amazonpay.png */; };
		D05C087FC6E74E509A449B07 /* applepay.png in Resources */ = {isa = PBXBuildFile; fileRef = 020A074EC7434F23A570EB4B /* applepay.png */; };
		B286974C368E4175991480D4 /* avatar.png in Resources */ = {isa = PBXBuildFile; fileRef = 44D84886589349E896FCBCEB /* avatar.png */; };
		F1565E4DFEF64538A0E73CC8 /* gpay.png in Resources */ = {isa = PBXBuildFile; fileRef = F5850CAEBD46465CBBB36CE3 /* gpay.png */; };
		8CE2F1A98AB04F469EBD3884 /* americano_pic_1_portrait.png in Resources */ = {isa = PBXBuildFile; fileRef = 7513F3EA8822459F97F1B2F4 /* americano_pic_1_portrait.png */; };
		B90F44357EE44DE5AD00562B /* americano_pic_2_portrait.png in Resources */ = {isa = PBXBuildFile; fileRef = 181D2316BC274FF6BB19EE95 /* americano_pic_2_portrait.png */; };
		C41F6265F5C4477E998034F9 /* americano_pic_3_portrait.png in Resources */ = {isa = PBXBuildFile; fileRef = A9035762EACD4E2683F0053E /* americano_pic_3_portrait.png */; };
		88CDAD0BAABC4F009D11851F /* americano_pic_1_square.png in Resources */ = {isa = PBXBuildFile; fileRef = CC632371F6F94403B9735ACB /* americano_pic_1_square.png */; };
		53C9AE5F738D436AB33F9244 /* americano_pic_2_square.png in Resources */ = {isa = PBXBuildFile; fileRef = BF1437352D0B4C0CAF59F754 /* americano_pic_2_square.png */; };
		B0779AB714114DEB9056245D /* americano_pic_3_square.png in Resources */ = {isa = PBXBuildFile; fileRef = 734C78DF22D341C79EAB5EA7 /* americano_pic_3_square.png */; };
		3F6634D7A0DE45CE838054FF /* arabica_coffee_beans_portrait.png in Resources */ = {isa = PBXBuildFile; fileRef = F13991EB1D744657BBCC7D24 /* arabica_coffee_beans_portrait.png */; };
		CAFD5FA849AF4D2E9AAA7A24 /* arabica_coffee_beans_square.png in Resources */ = {isa = PBXBuildFile; fileRef = 1185DA572D5242B094F5D7B3 /* arabica_coffee_beans_square.png */; };
		28DD84FBE149423D854B76BA /* black_coffee_pic_1_portrait.png in Resources */ = {isa = PBXBuildFile; fileRef = B9AAFEA557B04A96A42BF3BA /* black_coffee_pic_1_portrait.png */; };
		69B756E9E5664989A59280F2 /* black_coffee_pic_2_portrait.png in Resources */ = {isa = PBXBuildFile; fileRef = D28DDF3A66C0481F95297527 /* black_coffee_pic_2_portrait.png */; };
		B32B60AA12DF477895B9889C /* black_coffee_pic_3_portrait.png in Resources */ = {isa = PBXBuildFile; fileRef = 127E4CC4F6DB49C98B2FF5AF /* black_coffee_pic_3_portrait.png */; };
		3D9F6654F3E64D779867379E /* black_coffee_pic_1_square.png in Resources */ = {isa = PBXBuildFile; fileRef = 869128B9496F4E718851EB31 /* black_coffee_pic_1_square.png */; };
		BDFB1FC7C36042A38DF61536 /* black_coffee_pic_2_square.png in Resources */ = {isa = PBXBuildFile; fileRef = 814C76A8CC504C9999A468E3 /* black_coffee_pic_2_square.png */; };
		BAB4AE0C6683435FB57E67B8 /* black_coffee_pic_3_square.png in Resources */ = {isa = PBXBuildFile; fileRef = 0E4C064B78D74053B71D1A7F /* black_coffee_pic_3_square.png */; };
		15D0CAB14D034B3BB008751E /* cappuccino_pic_1_portrait.png in Resources */ = {isa = PBXBuildFile; fileRef = C345860FF98E4DFE8F62390B /* cappuccino_pic_1_portrait.png */; };
		B25FED6535A74CD8A2832701 /* cappuccino_pic_2_portrait.png in Resources */ = {isa = PBXBuildFile; fileRef = C18EC16EFB0445D8BC083B17 /* cappuccino_pic_2_portrait.png */; };
		D1BC428AECCC4C56ADE8726E /* cappuccino_pic_3_portrait.png in Resources */ = {isa = PBXBuildFile; fileRef = 1F811A8A6BCB4DE298E67542 /* cappuccino_pic_3_portrait.png */; };
		8C0CCCA84D3344F189B305D7 /* cappuccino_pic_1_square.png in Resources */ = {isa = PBXBuildFile; fileRef = C59B277F46294A5ABFACBDCB /* cappuccino_pic_1_square.png */; };
		FF1AC11C6EA24387B0867494 /* cappuccino_pic_2_square.png in Resources */ = {isa = PBXBuildFile; fileRef = CB616627EBC54642A081BD41 /* cappuccino_pic_2_square.png */; };
		4AD05A471B264C12955EAB21 /* cappuccino_pic_3_square.png in Resources */ = {isa = PBXBuildFile; fileRef = A521EAEADBF3492BABA1C346 /* cappuccino_pic_3_square.png */; };
		CF09557FA7524C21A4C8EE64 /* espresso_pic_1_portrait.png in Resources */ = {isa = PBXBuildFile; fileRef = 0926077F3BF94CFC895CB851 /* espresso_pic_1_portrait.png */; };
		AD10CD55D3AE4DC2815FA0C3 /* espresso_pic_2_portrait.png in Resources */ = {isa = PBXBuildFile; fileRef = FA5C4C334F6E4FECACF1BE1F /* espresso_pic_2_portrait.png */; };
		C52D55C20F7143399C28A15C /* espresso_pic_3_portrait.png in Resources */ = {isa = PBXBuildFile; fileRef = DED9C5AF6BE44CB19C501AB1 /* espresso_pic_3_portrait.png */; };
		5BC91BF3B2C24216B6285C46 /* espresso_pic_1_square.png in Resources */ = {isa = PBXBuildFile; fileRef = 129F0E79EE4A45488D27CA30 /* espresso_pic_1_square.png */; };
		D8A34F5D73174715A4D69BBE /* espresso_pic_2_square.png in Resources */ = {isa = PBXBuildFile; fileRef = 514368584893471DA9FE6620 /* espresso_pic_2_square.png */; };
		EFF4FC32E266424F964CCC5C /* espresso_pic_3_square.png in Resources */ = {isa = PBXBuildFile; fileRef = 68BA1864D3BF47EE92DB9E9D /* espresso_pic_3_square.png */; };
		9E1D794310CD401BBAA6E6F2 /* excelsa_coffee_beans_portrait.png in Resources */ = {isa = PBXBuildFile; fileRef = 8B6B1CBDFA4248F6B4043EC9 /* excelsa_coffee_beans_portrait.png */; };
		32E6AE6DFE2B448D8CF51654 /* excelsa_coffee_beans_square.png in Resources */ = {isa = PBXBuildFile; fileRef = 92CDC515E5F64FFD872D6AE1 /* excelsa_coffee_beans_square.png */; };
		F52D7BCD52354360A59913DE /* latte_pic_1_portrait.png in Resources */ = {isa = PBXBuildFile; fileRef = 5FF3A97D1A9E4F67A55823EE /* latte_pic_1_portrait.png */; };
		E358355149074EC4B28FCA35 /* latte_pic_2_portrait.png in Resources */ = {isa = PBXBuildFile; fileRef = E9876125C94840A09030449D /* latte_pic_2_portrait.png */; };
		18F57B1C9E094DC29EF44B5D /* latte_pic_3_portrait.png in Resources */ = {isa = PBXBuildFile; fileRef = 6A525394133E4A54803EDD9F /* latte_pic_3_portrait.png */; };
		D021C030E59E4BC18961CFC9 /* latte_pic_1_square.png in Resources */ = {isa = PBXBuildFile; fileRef = AF4AAF051D3547DAABDCE090 /* latte_pic_1_square.png */; };
		3209C839A7BA4086B65CF029 /* latte_pic_2_square.png in Resources */ = {isa = PBXBuildFile; fileRef = 08E955CFCC934F428794C74B /* latte_pic_2_square.png */; };
		B508870C733C4EF5A8B2FD31 /* latte_pic_3_square.png in Resources */ = {isa = PBXBuildFile; fileRef = 280AFFE28D68482CA23462D0 /* latte_pic_3_square.png */; };
		200CBE80978D4AF89A43CB80 /* liberica_coffee_beans_portrait.png in Resources */ = {isa = PBXBuildFile; fileRef = D61DBABD579B4F01ADB02939 /* liberica_coffee_beans_portrait.png */; };
		2C71538F32FD4F36884C58E3 /* liberica_coffee_beans_square.png in Resources */ = {isa = PBXBuildFile; fileRef = 925C4D4ECDED41E39966C4BF /* liberica_coffee_beans_square.png */; };
		6B707E67F2BE4985A1789BAE /* macchiato_pic_1_portrait.png in Resources */ = {isa = PBXBuildFile; fileRef = B8C726F0A4D44A12B2C7B8A0 /* macchiato_pic_1_portrait.png */; };
		C86DBE16A1564A2EB21CC501 /* macchiato_pic_2_portrait.png in Resources */ = {isa = PBXBuildFile; fileRef = FC87FB1C2506412884032DB1 /* macchiato_pic_2_portrait.png */; };
		843E8C035E4944899E9D8025 /* macchiato_pic_3_portrait.png in Resources */ = {isa = PBXBuildFile; fileRef = FAFAC0CCA22B4D949240BE9F /* macchiato_pic_3_portrait.png */; };
		98B2DDB30FC14B1FB7F2AA04 /* macchiato_pic_1_square.png in Resources */ = {isa = PBXBuildFile; fileRef = 42210251712D45B2B4558EED /* macchiato_pic_1_square.png */; };
		47CEA0AABC6A4093800A7F94 /* macchiato_pic_2_square.png in Resources */ = {isa = PBXBuildFile; fileRef = 59BBA8485FDF4FE79961777E /* macchiato_pic_2_square.png */; };
		595AC9A65268413A9C9CA441 /* macchiato_pic_3_square.png in Resources */ = {isa = PBXBuildFile; fileRef = 7CACA84FAE8D430C86C48A46 /* macchiato_pic_3_square.png */; };
		29518347086E427D970E5102 /* robusta_coffee_beans_portrait.png in Resources */ = {isa = PBXBuildFile; fileRef = 201605CA9FFF449F816E8E5C /* robusta_coffee_beans_portrait.png */; };
		AFA78988B3FA4FD9B9CF4246 /* robusta_coffee_beans_square.png in Resources */ = {isa = PBXBuildFile; fileRef = F2D527FBD3CA4350B4BB2275 /* robusta_coffee_beans_square.png */; };
/* End PBXBuildFile section */

/* Begin PBXContainerItemProxy section */
		00E356F41AD99517003FC87E /* PBXContainerItemProxy */ = {
			isa = PBXContainerItemProxy;
			containerPortal = 83CBB9F71A601CBA00E9B192 /* Project object */;
			proxyType = 1;
			remoteGlobalIDString = 13B07F861A680F5B00A75B9A;
			remoteInfo = CoffeeApp;
		};
/* End PBXContainerItemProxy section */

/* Begin PBXFileReference section */
		00E356EE1AD99517003FC87E /* CoffeeAppTests.xctest */ = {isa = PBXFileReference; explicitFileType = wrapper.cfbundle; includeInIndex = 0; path = CoffeeAppTests.xctest; sourceTree = BUILT_PRODUCTS_DIR; };
		00E356F11AD99517003FC87E /* Info.plist */ = {isa = PBXFileReference; lastKnownFileType = text.plist.xml; path = Info.plist; sourceTree = "<group>"; };
		00E356F21AD99517003FC87E /* CoffeeAppTests.m */ = {isa = PBXFileReference; lastKnownFileType = sourcecode.c.objc; path = CoffeeAppTests.m; sourceTree = "<group>"; };
		13B07F961A680F5B00A75B9A /* CoffeeApp.app */ = {isa = PBXFileReference; explicitFileType = wrapper.application; includeInIndex = 0; path = CoffeeApp.app; sourceTree = BUILT_PRODUCTS_DIR; };
		13B07FAF1A68108700A75B9A /* AppDelegate.h */ = {isa = PBXFileReference; fileEncoding = 4; lastKnownFileType = sourcecode.c.h; name = AppDelegate.h; path = CoffeeApp/AppDelegate.h; sourceTree = "<group>"; };
		13B07FB01A68108700A75B9A /* AppDelegate.mm */ = {isa = PBXFileReference; fileEncoding = 4; lastKnownFileType = sourcecode.cpp.objcpp; name = AppDelegate.mm; path = CoffeeApp/AppDelegate.mm; sourceTree = "<group>"; };
		13B07FB51A68108700A75B9A /* Images.xcassets */ = {isa = PBXFileReference; lastKnownFileType = folder.assetcatalog; name = Images.xcassets; path = CoffeeApp/Images.xcassets; sourceTree = "<group>"; };
		13B07FB61A68108700A75B9A /* Info.plist */ = {isa = PBXFileReference; fileEncoding = 4; lastKnownFileType = text.plist.xml; name = Info.plist; path = CoffeeApp/Info.plist; sourceTree = "<group>"; };
		13B07FB71A68108700A75B9A /* main.m */ = {isa = PBXFileReference; fileEncoding = 4; lastKnownFileType = sourcecode.c.objc; name = main.m; path = CoffeeApp/main.m; sourceTree = "<group>"; };
		19F6CBCC0A4E27FBF8BF4A61 /* libPods-CoffeeApp-CoffeeAppTests.a */ = {isa = PBXFileReference; explicitFileType = archive.ar; includeInIndex = 0; path = "libPods-CoffeeApp-CoffeeAppTests.a"; sourceTree = BUILT_PRODUCTS_DIR; };
		3B4392A12AC88292D35C810B /* Pods-CoffeeApp.debug.xcconfig */ = {isa = PBXFileReference; includeInIndex = 1; lastKnownFileType = text.xcconfig; name = "Pods-CoffeeApp.debug.xcconfig"; path = "Target Support Files/Pods-CoffeeApp/Pods-CoffeeApp.debug.xcconfig"; sourceTree = "<group>"; };
		5709B34CF0A7D63546082F79 /* Pods-CoffeeApp.release.xcconfig */ = {isa = PBXFileReference; includeInIndex = 1; lastKnownFileType = text.xcconfig; name = "Pods-CoffeeApp.release.xcconfig"; path = "Target Support Files/Pods-CoffeeApp/Pods-CoffeeApp.release.xcconfig"; sourceTree = "<group>"; };
		5B7EB9410499542E8C5724F5 /* Pods-CoffeeApp-CoffeeAppTests.debug.xcconfig */ = {isa = PBXFileReference; includeInIndex = 1; lastKnownFileType = text.xcconfig; name = "Pods-CoffeeApp-CoffeeAppTests.debug.xcconfig"; path = "Target Support Files/Pods-CoffeeApp-CoffeeAppTests/Pods-CoffeeApp-CoffeeAppTests.debug.xcconfig"; sourceTree = "<group>"; };
		5DCACB8F33CDC322A6C60F78 /* libPods-CoffeeApp.a */ = {isa = PBXFileReference; explicitFileType = archive.ar; includeInIndex = 0; path = "libPods-CoffeeApp.a"; sourceTree = BUILT_PRODUCTS_DIR; };
		81AB9BB72411601600AC10FF /* LaunchScreen.storyboard */ = {isa = PBXFileReference; fileEncoding = 4; lastKnownFileType = file.storyboard; name = LaunchScreen.storyboard; path = CoffeeApp/LaunchScreen.storyboard; sourceTree = "<group>"; };
		89C6BE57DB24E9ADA2F236DE /* Pods-CoffeeApp-CoffeeAppTests.release.xcconfig */ = {isa = PBXFileReference; includeInIndex = 1; lastKnownFileType = text.xcconfig; name = "Pods-CoffeeApp-CoffeeAppTests.release.xcconfig"; path = "Target Support Files/Pods-CoffeeApp-CoffeeAppTests/Pods-CoffeeApp-CoffeeAppTests.release.xcconfig"; sourceTree = "<group>"; };
		ED297162215061F000B7C4FE /* JavaScriptCore.framework */ = {isa = PBXFileReference; lastKnownFileType = wrapper.framework; name = JavaScriptCore.framework; path = System/Library/Frameworks/JavaScriptCore.framework; sourceTree = SDKROOT; };
		13A4684AE4F94497BFE0F351 /* app_icons.ttf */ = {isa = PBXFileReference; name = "app_icons.ttf"; path = "../src/assets/fonts/app_icons.ttf"; sourceTree = "<group>"; fileEncoding = undefined; lastKnownFileType = unknown; explicitFileType = undefined; includeInIndex = 0; };
		97A4F88FA0F8425FA089EF42 /* Poppins-Black.ttf */ = {isa = PBXFileReference; name = "Poppins-Black.ttf"; path = "../src/assets/fonts/Poppins-Black.ttf"; sourceTree = "<group>"; fileEncoding = undefined; lastKnownFileType = unknown; explicitFileType = undefined; includeInIndex = 0; };
		F9FBAA3217604D499B68A97A /* Poppins-Bold.ttf */ = {isa = PBXFileReference; name = "Poppins-Bold.ttf"; path = "../src/assets/fonts/Poppins-Bold.ttf"; sourceTree = "<group>"; fileEncoding = undefined; lastKnownFileType = unknown; explicitFileType = undefined; includeInIndex = 0; };
		5510CA71757F43BE93A460C9 /* Poppins-ExtraBold.ttf */ = {isa = PBXFileReference; name = "Poppins-ExtraBold.ttf"; path = "../src/assets/fonts/Poppins-ExtraBold.ttf"; sourceTree = "<group>"; fileEncoding = undefined; lastKnownFileType = unknown; explicitFileType = undefined; includeInIndex = 0; };
		32C09C3E6D094577AD21998D /* Poppins-ExtraLight.ttf */ = {isa = PBXFileReference; name = "Poppins-ExtraLight.ttf"; path = "../src/assets/fonts/Poppins-ExtraLight.ttf"; sourceTree = "<group>"; fileEncoding = undefined; lastKnownFileType = unknown; explicitFileType = undefined; includeInIndex = 0; };
		3172D66932A2450B9DE57EB9 /* Poppins-Light.ttf */ = {isa = PBXFileReference; name = "Poppins-Light.ttf"; path = "../src/assets/fonts/Poppins-Light.ttf"; sourceTree = "<group>"; fileEncoding = undefined; lastKnownFileType = unknown; explicitFileType = undefined; includeInIndex = 0; };
		0E9B060DAEED48CFA378A148 /* Poppins-Medium.ttf */ = {isa = PBXFileReference; name = "Poppins-Medium.ttf"; path = "../src/assets/fonts/Poppins-Medium.ttf"; sourceTree = "<group>"; fileEncoding = undefined; lastKnownFileType = unknown; explicitFileType = undefined; includeInIndex = 0; };
		A822E3E125954FA696286E13 /* Poppins-Regular.ttf */ = {isa = PBXFileReference; name = "Poppins-Regular.ttf"; path = "../src/assets/fonts/Poppins-Regular.ttf"; sourceTree = "<group>"; fileEncoding = undefined; lastKnownFileType = unknown; explicitFileType = undefined; includeInIndex = 0; };
		EEBF5CFF45594A3CA64B063B /* Poppins-SemiBold.ttf */ = {isa = PBXFileReference; name = "Poppins-SemiBold.ttf"; path = "../src/assets/fonts/Poppins-SemiBold.ttf"; sourceTree = "<group>"; fileEncoding = undefined; lastKnownFileType = unknown; explicitFileType = undefined; includeInIndex = 0; };
		5884248556D0446D9E3C1717 /* Poppins-Thin.ttf */ = {isa = PBXFileReference; name = "Poppins-Thin.ttf"; path = "../src/assets/fonts/Poppins-Thin.ttf"; sourceTree = "<group>"; fileEncoding = undefined; lastKnownFileType = unknown; explicitFileType = undefined; includeInIndex = 0; };
		E803FB9B2EDE4AE5AD716911 /* amazonpay.png */ = {isa = PBXFileReference; name = "amazonpay.png"; path = "../src/assets/app_images/amazonpay.png"; sourceTree = "<group>"; fileEncoding = undefined; lastKnownFileType = unknown; explicitFileType = undefined; includeInIndex = 0; };
		020A074EC7434F23A570EB4B /* applepay.png */ = {isa = PBXFileReference; name = "applepay.png"; path = "../src/assets/app_images/applepay.png"; sourceTree = "<group>"; fileEncoding = undefined; lastKnownFileType = unknown; explicitFileType = undefined; includeInIndex = 0; };
		44D84886589349E896FCBCEB /* avatar.png */ = {isa = PBXFileReference; name = "avatar.png"; path = "../src/assets/app_images/avatar.png"; sourceTree = "<group>"; fileEncoding = undefined; lastKnownFileType = unknown; explicitFileType = undefined; includeInIndex = 0; };
		F5850CAEBD46465CBBB36CE3 /* gpay.png */ = {isa = PBXFileReference; name = "gpay.png"; path = "../src/assets/app_images/gpay.png"; sourceTree = "<group>"; fileEncoding = undefined; lastKnownFileType = unknown; explicitFileType = undefined; includeInIndex = 0; };
		7513F3EA8822459F97F1B2F4 /* americano_pic_1_portrait.png */ = {isa = PBXFileReference; name = "americano_pic_1_portrait.png"; path = "../src/assets/coffee_assets/americano/portrait/americano_pic_1_portrait.png"; sourceTree = "<group>"; fileEncoding = undefined; lastKnownFileType = unknown; explicitFileType = undefined; includeInIndex = 0; };
		181D2316BC274FF6BB19EE95 /* americano_pic_2_portrait.png */ = {isa = PBXFileReference; name = "americano_pic_2_portrait.png"; path = "../src/assets/coffee_assets/americano/portrait/americano_pic_2_portrait.png"; sourceTree = "<group>"; fileEncoding = undefined; lastKnownFileType = unknown; explicitFileType = undefined; includeInIndex = 0; };
		A9035762EACD4E2683F0053E /* americano_pic_3_portrait.png */ = {isa = PBXFileReference; name = "americano_pic_3_portrait.png"; path = "../src/assets/coffee_assets/americano/portrait/americano_pic_3_portrait.png"; sourceTree = "<group>"; fileEncoding = undefined; lastKnownFileType = unknown; explicitFileType = undefined; includeInIndex = 0; };
		CC632371F6F94403B9735ACB /* americano_pic_1_square.png */ = {isa = PBXFileReference; name = "americano_pic_1_square.png"; path = "../src/assets/coffee_assets/americano/square/americano_pic_1_square.png"; sourceTree = "<group>"; fileEncoding = undefined; lastKnownFileType = unknown; explicitFileType = undefined; includeInIndex = 0; };
		BF1437352D0B4C0CAF59F754 /* americano_pic_2_square.png */ = {isa = PBXFileReference; name = "americano_pic_2_square.png"; path = "../src/assets/coffee_assets/americano/square/americano_pic_2_square.png"; sourceTree = "<group>"; fileEncoding = undefined; lastKnownFileType = unknown; explicitFileType = undefined; includeInIndex = 0; };
		734C78DF22D341C79EAB5EA7 /* americano_pic_3_square.png */ = {isa = PBXFileReference; name = "americano_pic_3_square.png"; path = "../src/assets/coffee_assets/americano/square/americano_pic_3_square.png"; sourceTree = "<group>"; fileEncoding = undefined; lastKnownFileType = unknown; explicitFileType = undefined; includeInIndex = 0; };
		F13991EB1D744657BBCC7D24 /* arabica_coffee_beans_portrait.png */ = {isa = PBXFileReference; name = "arabica_coffee_beans_portrait.png"; path = "../src/assets/coffee_assets/arabica_coffee_beans/arabica_coffee_beans_portrait.png"; sourceTree = "<group>"; fileEncoding = undefined; lastKnownFileType = unknown; explicitFileType = undefined; includeInIndex = 0; };
		1185DA572D5242B094F5D7B3 /* arabica_coffee_beans_square.png */ = {isa = PBXFileReference; name = "arabica_coffee_beans_square.png"; path = "../src/assets/coffee_assets/arabica_coffee_beans/arabica_coffee_beans_square.png"; sourceTree = "<group>"; fileEncoding = undefined; lastKnownFileType = unknown; explicitFileType = undefined; includeInIndex = 0; };
		B9AAFEA557B04A96A42BF3BA /* black_coffee_pic_1_portrait.png */ = {isa = PBXFileReference; name = "black_coffee_pic_1_portrait.png"; path = "../src/assets/coffee_assets/black_coffee/portrait/black_coffee_pic_1_portrait.png"; sourceTree = "<group>"; fileEncoding = undefined; lastKnownFileType = unknown; explicitFileType = undefined; includeInIndex = 0; };
		D28DDF3A66C0481F95297527 /* black_coffee_pic_2_portrait.png */ = {isa = PBXFileReference; name = "black_coffee_pic_2_portrait.png"; path = "../src/assets/coffee_assets/black_coffee/portrait/black_coffee_pic_2_portrait.png"; sourceTree = "<group>"; fileEncoding = undefined; lastKnownFileType = unknown; explicitFileType = undefined; includeInIndex = 0; };
		127E4CC4F6DB49C98B2FF5AF /* black_coffee_pic_3_portrait.png */ = {isa = PBXFileReference; name = "black_coffee_pic_3_portrait.png"; path = "../src/assets/coffee_assets/black_coffee/portrait/black_coffee_pic_3_portrait.png"; sourceTree = "<group>"; fileEncoding = undefined; lastKnownFileType = unknown; explicitFileType = undefined; includeInIndex = 0; };
		869128B9496F4E718851EB31 /* black_coffee_pic_1_square.png */ = {isa = PBXFileReference; name = "black_coffee_pic_1_square.png"; path = "../src/assets/coffee_assets/black_coffee/square/black_coffee_pic_1_square.png"; sourceTree = "<group>"; fileEncoding = undefined; lastKnownFileType = unknown; explicitFileType = undefined; includeInIndex = 0; };
		814C76A8CC504C9999A468E3 /* black_coffee_pic_2_square.png */ = {isa = PBXFileReference; name = "black_coffee_pic_2_square.png"; path = "../src/assets/coffee_assets/black_coffee/square/black_coffee_pic_2_square.png"; sourceTree = "<group>"; fileEncoding = undefined; lastKnownFileType = unknown; explicitFileType = undefined; includeInIndex = 0; };
		0E4C064B78D74053B71D1A7F /* black_coffee_pic_3_square.png */ = {isa = PBXFileReference; name = "black_coffee_pic_3_square.png"; path = "../src/assets/coffee_assets/black_coffee/square/black_coffee_pic_3_square.png"; sourceTree = "<group>"; fileEncoding = undefined; lastKnownFileType = unknown; explicitFileType = undefined; includeInIndex = 0; };
		C345860FF98E4DFE8F62390B /* cappuccino_pic_1_portrait.png */ = {isa = PBXFileReference; name = "cappuccino_pic_1_portrait.png"; path = "../src/assets/coffee_assets/cappuccino/portrait/cappuccino_pic_1_portrait.png"; sourceTree = "<group>"; fileEncoding = undefined; lastKnownFileType = unknown; explicitFileType = undefined; includeInIndex = 0; };
		C18EC16EFB0445D8BC083B17 /* cappuccino_pic_2_portrait.png */ = {isa = PBXFileReference; name = "cappuccino_pic_2_portrait.png"; path = "../src/assets/coffee_assets/cappuccino/portrait/cappuccino_pic_2_portrait.png"; sourceTree = "<group>"; fileEncoding = undefined; lastKnownFileType = unknown; explicitFileType = undefined; includeInIndex = 0; };
		1F811A8A6BCB4DE298E67542 /* cappuccino_pic_3_portrait.png */ = {isa = PBXFileReference; name = "cappuccino_pic_3_portrait.png"; path = "../src/assets/coffee_assets/cappuccino/portrait/cappuccino_pic_3_portrait.png"; sourceTree = "<group>"; fileEncoding = undefined; lastKnownFileType = unknown; explicitFileType = undefined; includeInIndex = 0; };
		C59B277F46294A5ABFACBDCB /* cappuccino_pic_1_square.png */ = {isa = PBXFileReference; name = "cappuccino_pic_1_square.png"; path = "../src/assets/coffee_assets/cappuccino/square/cappuccino_pic_1_square.png"; sourceTree = "<group>"; fileEncoding = undefined; lastKnownFileType = unknown; explicitFileType = undefined; includeInIndex = 0; };
		CB616627EBC54642A081BD41 /* cappuccino_pic_2_square.png */ = {isa = PBXFileReference; name = "cappuccino_pic_2_square.png"; path = "../src/assets/coffee_assets/cappuccino/square/cappuccino_pic_2_square.png"; sourceTree = "<group>"; fileEncoding = undefined; lastKnownFileType = unknown; explicitFileType = undefined; includeInIndex = 0; };
		A521EAEADBF3492BABA1C346 /* cappuccino_pic_3_square.png */ = {isa = PBXFileReference; name = "cappuccino_pic_3_square.png"; path = "../src/assets/coffee_assets/cappuccino/square/cappuccino_pic_3_square.png"; sourceTree = "<group>"; fileEncoding = undefined; lastKnownFileType = unknown; explicitFileType = undefined; includeInIndex = 0; };
		0926077F3BF94CFC895CB851 /* espresso_pic_1_portrait.png */ = {isa = PBXFileReference; name = "espresso_pic_1_portrait.png"; path = "../src/assets/coffee_assets/espresso/portrait/espresso_pic_1_portrait.png"; sourceTree = "<group>"; fileEncoding = undefined; lastKnownFileType = unknown; explicitFileType = undefined; includeInIndex = 0; };
		FA5C4C334F6E4FECACF1BE1F /* espresso_pic_2_portrait.png */ = {isa = PBXFileReference; name = "espresso_pic_2_portrait.png"; path = "../src/assets/coffee_assets/espresso/portrait/espresso_pic_2_portrait.png"; sourceTree = "<group>"; fileEncoding = undefined; lastKnownFileType = unknown; explicitFileType = undefined; includeInIndex = 0; };
		DED9C5AF6BE44CB19C501AB1 /* espresso_pic_3_portrait.png */ = {isa = PBXFileReference; name = "espresso_pic_3_portrait.png"; path = "../src/assets/coffee_assets/espresso/portrait/espresso_pic_3_portrait.png"; sourceTree = "<group>"; fileEncoding = undefined; lastKnownFileType = unknown; explicitFileType = undefined; includeInIndex = 0; };
		129F0E79EE4A45488D27CA30 /* espresso_pic_1_square.png */ = {isa = PBXFileReference; name = "espresso_pic_1_square.png"; path = "../src/assets/coffee_assets/espresso/square/espresso_pic_1_square.png"; sourceTree = "<group>"; fileEncoding = undefined; lastKnownFileType = unknown; explicitFileType = undefined; includeInIndex = 0; };
		514368584893471DA9FE6620 /* espresso_pic_2_square.png */ = {isa = PBXFileReference; name = "espresso_pic_2_square.png"; path = "../src/assets/coffee_assets/espresso/square/espresso_pic_2_square.png"; sourceTree = "<group>"; fileEncoding = undefined; lastKnownFileType = unknown; explicitFileType = undefined; includeInIndex = 0; };
		68BA1864D3BF47EE92DB9E9D /* espresso_pic_3_square.png */ = {isa = PBXFileReference; name = "espresso_pic_3_square.png"; path = "../src/assets/coffee_assets/espresso/square/espresso_pic_3_square.png"; sourceTree = "<group>"; fileEncoding = undefined; lastKnownFileType = unknown; explicitFileType = undefined; includeInIndex = 0; };
		8B6B1CBDFA4248F6B4043EC9 /* excelsa_coffee_beans_portrait.png */ = {isa = PBXFileReference; name = "excelsa_coffee_beans_portrait.png"; path = "../src/assets/coffee_assets/excelsa_coffee_beans/excelsa_coffee_beans_portrait.png"; sourceTree = "<group>"; fileEncoding = undefined; lastKnownFileType = unknown; explicitFileType = undefined; includeInIndex = 0; };
		92CDC515E5F64FFD872D6AE1 /* excelsa_coffee_beans_square.png */ = {isa = PBXFileReference; name = "excelsa_coffee_beans_square.png"; path = "../src/assets/coffee_assets/excelsa_coffee_beans/excelsa_coffee_beans_square.png"; sourceTree = "<group>"; fileEncoding = undefined; lastKnownFileType = unknown; explicitFileType = undefined; includeInIndex = 0; };
		5FF3A97D1A9E4F67A55823EE /* latte_pic_1_portrait.png */ = {isa = PBXFileReference; name = "latte_pic_1_portrait.png"; path = "../src/assets/coffee_assets/latte/portrait/latte_pic_1_portrait.png"; sourceTree = "<group>"; fileEncoding = undefined; lastKnownFileType = unknown; explicitFileType = undefined; includeInIndex = 0; };
		E9876125C94840A09030449D /* latte_pic_2_portrait.png */ = {isa = PBXFileReference; name = "latte_pic_2_portrait.png"; path = "../src/assets/coffee_assets/latte/portrait/latte_pic_2_portrait.png"; sourceTree = "<group>"; fileEncoding = undefined; lastKnownFileType = unknown; explicitFileType = undefined; includeInIndex = 0; };
		6A525394133E4A54803EDD9F /* latte_pic_3_portrait.png */ = {isa = PBXFileReference; name = "latte_pic_3_portrait.png"; path = "../src/assets/coffee_assets/latte/portrait/latte_pic_3_portrait.png"; sourceTree = "<group>"; fileEncoding = undefined; lastKnownFileType = unknown; explicitFileType = undefined; includeInIndex = 0; };
		AF4AAF051D3547DAABDCE090 /* latte_pic_1_square.png */ = {isa = PBXFileReference; name = "latte_pic_1_square.png"; path = "../src/assets/coffee_assets/latte/square/latte_pic_1_square.png"; sourceTree = "<group>"; fileEncoding = undefined; lastKnownFileType = unknown; explicitFileType = undefined; includeInIndex = 0; };
		08E955CFCC934F428794C74B /* latte_pic_2_square.png */ = {isa = PBXFileReference; name = "latte_pic_2_square.png"; path = "../src/assets/coffee_assets/latte/square/latte_pic_2_square.png"; sourceTree = "<group>"; fileEncoding = undefined; lastKnownFileType = unknown; explicitFileType = undefined; includeInIndex = 0; };
		280AFFE28D68482CA23462D0 /* latte_pic_3_square.png */ = {isa = PBXFileReference; name = "latte_pic_3_square.png"; path = "../src/assets/coffee_assets/latte/square/latte_pic_3_square.png"; sourceTree = "<group>"; fileEncoding = undefined; lastKnownFileType = unknown; explicitFileType = undefined; includeInIndex = 0; };
		D61DBABD579B4F01ADB02939 /* liberica_coffee_beans_portrait.png */ = {isa = PBXFileReference; name = "liberica_coffee_beans_portrait.png"; path = "../src/assets/coffee_assets/liberica_coffee_beans/liberica_coffee_beans_portrait.png"; sourceTree = "<group>"; fileEncoding = undefined; lastKnownFileType = unknown; explicitFileType = undefined; includeInIndex = 0; };
		925C4D4ECDED41E39966C4BF /* liberica_coffee_beans_square.png */ = {isa = PBXFileReference; name = "liberica_coffee_beans_square.png"; path = "../src/assets/coffee_assets/liberica_coffee_beans/liberica_coffee_beans_square.png"; sourceTree = "<group>"; fileEncoding = undefined; lastKnownFileType = unknown; explicitFileType = undefined; includeInIndex = 0; };
		B8C726F0A4D44A12B2C7B8A0 /* macchiato_pic_1_portrait.png */ = {isa = PBXFileReference; name = "macchiato_pic_1_portrait.png"; path = "../src/assets/coffee_assets/macchiato/portrait/macchiato_pic_1_portrait.png"; sourceTree = "<group>"; fileEncoding = undefined; lastKnownFileType = unknown; explicitFileType = undefined; includeInIndex = 0; };
		FC87FB1C2506412884032DB1 /* macchiato_pic_2_portrait.png */ = {isa = PBXFileReference; name = "macchiato_pic_2_portrait.png"; path = "../src/assets/coffee_assets/macchiato/portrait/macchiato_pic_2_portrait.png"; sourceTree = "<group>"; fileEncoding = undefined; lastKnownFileType = unknown; explicitFileType = undefined; includeInIndex = 0; };
		FAFAC0CCA22B4D949240BE9F /* macchiato_pic_3_portrait.png */ = {isa = PBXFileReference; name = "macchiato_pic_3_portrait.png"; path = "../src/assets/coffee_assets/macchiato/portrait/macchiato_pic_3_portrait.png"; sourceTree = "<group>"; fileEncoding = undefined; lastKnownFileType = unknown; explicitFileType = undefined; includeInIndex = 0; };
		42210251712D45B2B4558EED /* macchiato_pic_1_square.png */ = {isa = PBXFileReference; name = "macchiato_pic_1_square.png"; path = "../src/assets/coffee_assets/macchiato/square/macchiato_pic_1_square.png"; sourceTree = "<group>"; fileEncoding = undefined; lastKnownFileType = unknown; explicitFileType = undefined; includeInIndex = 0; };
		59BBA8485FDF4FE79961777E /* macchiato_pic_2_square.png */ = {isa = PBXFileReference; name = "macchiato_pic_2_square.png"; path = "../src/assets/coffee_assets/macchiato/square/macchiato_pic_2_square.png"; sourceTree = "<group>"; fileEncoding = undefined; lastKnownFileType = unknown; explicitFileType = undefined; includeInIndex = 0; };
		7CACA84FAE8D430C86C48A46 /* macchiato_pic_3_square.png */ = {isa = PBXFileReference; name = "macchiato_pic_3_square.png"; path = "../src/assets/coffee_assets/macchiato/square/macchiato_pic_3_square.png"; sourceTree = "<group>"; fileEncoding = undefined; lastKnownFileType = unknown; explicitFileType = undefined; includeInIndex = 0; };
		201605CA9FFF449F816E8E5C /* robusta_coffee_beans_portrait.png */ = {isa = PBXFileReference; name = "robusta_coffee_beans_portrait.png"; path = "../src/assets/coffee_assets/robusta_coffee_beans/robusta_coffee_beans_portrait.png"; sourceTree = "<group>"; fileEncoding = undefined; lastKnownFileType = unknown; explicitFileType = undefined; includeInIndex = 0; };
		F2D527FBD3CA4350B4BB2275 /* robusta_coffee_beans_square.png */ = {isa = PBXFileReference; name = "robusta_coffee_beans_square.png"; path = "../src/assets/coffee_assets/robusta_coffee_beans/robusta_coffee_beans_square.png"; sourceTree = "<group>"; fileEncoding = undefined; lastKnownFileType = unknown; explicitFileType = undefined; includeInIndex = 0; };
/* End PBXFileReference section */

/* Begin PBXFrameworksBuildPhase section */
		00E356EB1AD99517003FC87E /* Frameworks */ = {
			isa = PBXFrameworksBuildPhase;
			buildActionMask = 2147483647;
			files = (
				7699B88040F8A987B510C191 /* libPods-CoffeeApp-CoffeeAppTests.a in Frameworks */,
			);
			runOnlyForDeploymentPostprocessing = 0;
		};
		13B07F8C1A680F5B00A75B9A /* Frameworks */ = {
			isa = PBXFrameworksBuildPhase;
			buildActionMask = 2147483647;
			files = (
				0C80B921A6F3F58F76C31292 /* libPods-CoffeeApp.a in Frameworks */,
			);
			runOnlyForDeploymentPostprocessing = 0;
		};
/* End PBXFrameworksBuildPhase section */

/* Begin PBXGroup section */
		00E356EF1AD99517003FC87E /* CoffeeAppTests */ = {
			isa = PBXGroup;
			children = (
				00E356F21AD99517003FC87E /* CoffeeAppTests.m */,
				00E356F01AD99517003FC87E /* Supporting Files */,
			);
			path = CoffeeAppTests;
			sourceTree = "<group>";
		};
		00E356F01AD99517003FC87E /* Supporting Files */ = {
			isa = PBXGroup;
			children = (
				00E356F11AD99517003FC87E /* Info.plist */,
			);
			name = "Supporting Files";
			sourceTree = "<group>";
		};
		13B07FAE1A68108700A75B9A /* CoffeeApp */ = {
			isa = PBXGroup;
			children = (
				13B07FAF1A68108700A75B9A /* AppDelegate.h */,
				13B07FB01A68108700A75B9A /* AppDelegate.mm */,
				13B07FB51A68108700A75B9A /* Images.xcassets */,
				13B07FB61A68108700A75B9A /* Info.plist */,
				81AB9BB72411601600AC10FF /* LaunchScreen.storyboard */,
				13B07FB71A68108700A75B9A /* main.m */,
			);
			name = CoffeeApp;
			sourceTree = "<group>";
		};
		2D16E6871FA4F8E400B85C8A /* Frameworks */ = {
			isa = PBXGroup;
			children = (
				ED297162215061F000B7C4FE /* JavaScriptCore.framework */,
				5DCACB8F33CDC322A6C60F78 /* libPods-CoffeeApp.a */,
				19F6CBCC0A4E27FBF8BF4A61 /* libPods-CoffeeApp-CoffeeAppTests.a */,
			);
			name = Frameworks;
			sourceTree = "<group>";
		};
		832341AE1AAA6A7D00B99B32 /* Libraries */ = {
			isa = PBXGroup;
			children = (
			);
			name = Libraries;
			sourceTree = "<group>";
		};
		83CBB9F61A601CBA00E9B192 = {
			isa = PBXGroup;
			children = (
				13B07FAE1A68108700A75B9A /* CoffeeApp */,
				832341AE1AAA6A7D00B99B32 /* Libraries */,
				00E356EF1AD99517003FC87E /* CoffeeAppTests */,
				83CBBA001A601CBA00E9B192 /* Products */,
				2D16E6871FA4F8E400B85C8A /* Frameworks */,
				BBD78D7AC51CEA395F1C20DB /* Pods */,
				24B94E694B9C4573AA488378 /* Resources */,
			);
			indentWidth = 2;
			sourceTree = "<group>";
			tabWidth = 2;
			usesTabs = 0;
		};
		83CBBA001A601CBA00E9B192 /* Products */ = {
			isa = PBXGroup;
			children = (
				13B07F961A680F5B00A75B9A /* CoffeeApp.app */,
				00E356EE1AD99517003FC87E /* CoffeeAppTests.xctest */,
			);
			name = Products;
			sourceTree = "<group>";
		};
		BBD78D7AC51CEA395F1C20DB /* Pods */ = {
			isa = PBXGroup;
			children = (
				3B4392A12AC88292D35C810B /* Pods-CoffeeApp.debug.xcconfig */,
				5709B34CF0A7D63546082F79 /* Pods-CoffeeApp.release.xcconfig */,
				5B7EB9410499542E8C5724F5 /* Pods-CoffeeApp-CoffeeAppTests.debug.xcconfig */,
				89C6BE57DB24E9ADA2F236DE /* Pods-CoffeeApp-CoffeeAppTests.release.xcconfig */,
			);
			path = Pods;
			sourceTree = "<group>";
		};
		24B94E694B9C4573AA488378 /* Resources */ = {
			isa = "PBXGroup";
			children = (
				13A4684AE4F94497BFE0F351 /* app_icons.ttf */,
				97A4F88FA0F8425FA089EF42 /* Poppins-Black.ttf */,
				F9FBAA3217604D499B68A97A /* Poppins-Bold.ttf */,
				5510CA71757F43BE93A460C9 /* Poppins-ExtraBold.ttf */,
				32C09C3E6D094577AD21998D /* Poppins-ExtraLight.ttf */,
				3172D66932A2450B9DE57EB9 /* Poppins-Light.ttf */,
				0E9B060DAEED48CFA378A148 /* Poppins-Medium.ttf */,
				A822E3E125954FA696286E13 /* Poppins-Regular.ttf */,
				EEBF5CFF45594A3CA64B063B /* Poppins-SemiBold.ttf */,
				5884248556D0446D9E3C1717 /* Poppins-Thin.ttf */,
				E803FB9B2EDE4AE5AD716911 /* amazonpay.png */,
				020A074EC7434F23A570EB4B /* applepay.png */,
				44D84886589349E896FCBCEB /* avatar.png */,
				F5850CAEBD46465CBBB36CE3 /* gpay.png */,
				7513F3EA8822459F97F1B2F4 /* americano_pic_1_portrait.png */,
				181D2316BC274FF6BB19EE95 /* americano_pic_2_portrait.png */,
				A9035762EACD4E2683F0053E /* americano_pic_3_portrait.png */,
				CC632371F6F94403B9735ACB /* americano_pic_1_square.png */,
				BF1437352D0B4C0CAF59F754 /* americano_pic_2_square.png */,
				734C78DF22D341C79EAB5EA7 /* americano_pic_3_square.png */,
				F13991EB1D744657BBCC7D24 /* arabica_coffee_beans_portrait.png */,
				1185DA572D5242B094F5D7B3 /* arabica_coffee_beans_square.png */,
				B9AAFEA557B04A96A42BF3BA /* black_coffee_pic_1_portrait.png */,
				D28DDF3A66C0481F95297527 /* black_coffee_pic_2_portrait.png */,
				127E4CC4F6DB49C98B2FF5AF /* black_coffee_pic_3_portrait.png */,
				869128B9496F4E718851EB31 /* black_coffee_pic_1_square.png */,
				814C76A8CC504C9999A468E3 /* black_coffee_pic_2_square.png */,
				0E4C064B78D74053B71D1A7F /* black_coffee_pic_3_square.png */,
				C345860FF98E4DFE8F62390B /* cappuccino_pic_1_portrait.png */,
				C18EC16EFB0445D8BC083B17 /* cappuccino_pic_2_portrait.png */,
				1F811A8A6BCB4DE298E67542 /* cappuccino_pic_3_portrait.png */,
				C59B277F46294A5ABFACBDCB /* cappuccino_pic_1_square.png */,
				CB616627EBC54642A081BD41 /* cappuccino_pic_2_square.png */,
				A521EAEADBF3492BABA1C346 /* cappuccino_pic_3_square.png */,
				0926077F3BF94CFC895CB851 /* espresso_pic_1_portrait.png */,
				FA5C4C334F6E4FECACF1BE1F /* espresso_pic_2_portrait.png */,
				DED9C5AF6BE44CB19C501AB1 /* espresso_pic_3_portrait.png */,
				129F0E79EE4A45488D27CA30 /* espresso_pic_1_square.png */,
				514368584893471DA9FE6620 /* espresso_pic_2_square.png */,
				68BA1864D3BF47EE92DB9E9D /* espresso_pic_3_square.png */,
				8B6B1CBDFA4248F6B4043EC9 /* excelsa_coffee_beans_portrait.png */,
				92CDC515E5F64FFD872D6AE1 /* excelsa_coffee_beans_square.png */,
				5FF3A97D1A9E4F67A55823EE /* latte_pic_1_portrait.png */,
				E9876125C94840A09030449D /* latte_pic_2_portrait.png */,
				6A525394133E4A54803EDD9F /* latte_pic_3_portrait.png */,
				AF4AAF051D3547DAABDCE090 /* latte_pic_1_square.png */,
				08E955CFCC934F428794C74B /* latte_pic_2_square.png */,
				280AFFE28D68482CA23462D0 /* latte_pic_3_square.png */,
				D61DBABD579B4F01ADB02939 /* liberica_coffee_beans_portrait.png */,
				925C4D4ECDED41E39966C4BF /* liberica_coffee_beans_square.png */,
				B8C726F0A4D44A12B2C7B8A0 /* macchiato_pic_1_portrait.png */,
				FC87FB1C2506412884032DB1 /* macchiato_pic_2_portrait.png */,
				FAFAC0CCA22B4D949240BE9F /* macchiato_pic_3_portrait.png */,
				42210251712D45B2B4558EED /* macchiato_pic_1_square.png */,
				59BBA8485FDF4FE79961777E /* macchiato_pic_2_square.png */,
				7CACA84FAE8D430C86C48A46 /* macchiato_pic_3_square.png */,
				201605CA9FFF449F816E8E5C /* robusta_coffee_beans_portrait.png */,
				F2D527FBD3CA4350B4BB2275 /* robusta_coffee_beans_square.png */,
			);
			name = Resources;
			sourceTree = "<group>";
			path = "";
		};
/* End PBXGroup section */

/* Begin PBXNativeTarget section */
		00E356ED1AD99517003FC87E /* CoffeeAppTests */ = {
			isa = PBXNativeTarget;
			buildConfigurationList = 00E357021AD99517003FC87E /* Build configuration list for PBXNativeTarget "CoffeeAppTests" */;
			buildPhases = (
				A55EABD7B0C7F3A422A6CC61 /* [CP] Check Pods Manifest.lock */,
				00E356EA1AD99517003FC87E /* Sources */,
				00E356EB1AD99517003FC87E /* Frameworks */,
				00E356EC1AD99517003FC87E /* Resources */,
				C59DA0FBD6956966B86A3779 /* [CP] Embed Pods Frameworks */,
				F6A41C54EA430FDDC6A6ED99 /* [CP] Copy Pods Resources */,
			);
			buildRules = (
			);
			dependencies = (
				00E356F51AD99517003FC87E /* PBXTargetDependency */,
			);
			name = CoffeeAppTests;
			productName = CoffeeAppTests;
			productReference = 00E356EE1AD99517003FC87E /* CoffeeAppTests.xctest */;
			productType = "com.apple.product-type.bundle.unit-test";
		};
		13B07F861A680F5B00A75B9A /* CoffeeApp */ = {
			isa = PBXNativeTarget;
			buildConfigurationList = 13B07F931A680F5B00A75B9A /* Build configuration list for PBXNativeTarget "CoffeeApp" */;
			buildPhases = (
				C38B50BA6285516D6DCD4F65 /* [CP] Check Pods Manifest.lock */,
				13B07F871A680F5B00A75B9A /* Sources */,
				13B07F8C1A680F5B00A75B9A /* Frameworks */,
				13B07F8E1A680F5B00A75B9A /* Resources */,
				00DD1BFF1BD5951E006B06BC /* Bundle React Native code and images */,
				00EEFC60759A1932668264C0 /* [CP] Embed Pods Frameworks */,
				E235C05ADACE081382539298 /* [CP] Copy Pods Resources */,
			);
			buildRules = (
			);
			dependencies = (
			);
			name = CoffeeApp;
			productName = CoffeeApp;
			productReference = 13B07F961A680F5B00A75B9A /* CoffeeApp.app */;
			productType = "com.apple.product-type.application";
		};
/* End PBXNativeTarget section */

/* Begin PBXProject section */
		83CBB9F71A601CBA00E9B192 /* Project object */ = {
			isa = PBXProject;
			attributes = {
				LastUpgradeCheck = 1210;
				TargetAttributes = {
					00E356ED1AD99517003FC87E = {
						CreatedOnToolsVersion = 6.2;
						TestTargetID = 13B07F861A680F5B00A75B9A;
					};
					13B07F861A680F5B00A75B9A = {
						LastSwiftMigration = 1120;
					};
				};
			};
			buildConfigurationList = 83CBB9FA1A601CBA00E9B192 /* Build configuration list for PBXProject "CoffeeApp" */;
			compatibilityVersion = "Xcode 12.0";
			developmentRegion = en;
			hasScannedForEncodings = 0;
			knownRegions = (
				en,
				Base,
			);
			mainGroup = 83CBB9F61A601CBA00E9B192;
			productRefGroup = 83CBBA001A601CBA00E9B192 /* Products */;
			projectDirPath = "";
			projectRoot = "";
			targets = (
				13B07F861A680F5B00A75B9A /* CoffeeApp */,
				00E356ED1AD99517003FC87E /* CoffeeAppTests */,
			);
		};
/* End PBXProject section */

/* Begin PBXResourcesBuildPhase section */
		00E356EC1AD99517003FC87E /* Resources */ = {
			isa = PBXResourcesBuildPhase;
			buildActionMask = 2147483647;
			files = (
			);
			runOnlyForDeploymentPostprocessing = 0;
		};
		13B07F8E1A680F5B00A75B9A /* Resources */ = {
			isa = PBXResourcesBuildPhase;
			buildActionMask = 2147483647;
			files = (
				81AB9BB82411601600AC10FF /* LaunchScreen.storyboard in Resources */,
				13B07FBF1A68108700A75B9A /* Images.xcassets in Resources */,
				0248BC6743BA43B282FC2756 /* app_icons.ttf in Resources */,
				20CC5CF3D4554785AA855D98 /* Poppins-Black.ttf in Resources */,
				A99F5B8682CB434CABD26F79 /* Poppins-Bold.ttf in Resources */,
				BC2390C1D0CF49C6B7A24F92 /* Poppins-ExtraBold.ttf in Resources */,
				501C603DA16D4149845FB72F /* Poppins-ExtraLight.ttf in Resources */,
				9B1CC87EA8394961B73F95F5 /* Poppins-Light.ttf in Resources */,
				F0AEC2C53B0B4EFB917DA296 /* Poppins-Medium.ttf in Resources */,
				92FBBC2A3D624068BCF6404D /* Poppins-Regular.ttf in Resources */,
				74951F168483482CB2C5D215 /* Poppins-SemiBold.ttf in Resources */,
				37FA8C68AC47445DB542CDAA /* Poppins-Thin.ttf in Resources */,
				079D114572AC467EAE6C577A /* amazonpay.png in Resources */,
				D05C087FC6E74E509A449B07 /* applepay.png in Resources */,
				B286974C368E4175991480D4 /* avatar.png in Resources */,
				F1565E4DFEF64538A0E73CC8 /* gpay.png in Resources */,
				8CE2F1A98AB04F469EBD3884 /* americano_pic_1_portrait.png in Resources */,
				B90F44357EE44DE5AD00562B /* americano_pic_2_portrait.png in Resources */,
				C41F6265F5C4477E998034F9 /* americano_pic_3_portrait.png in Resources */,
				88CDAD0BAABC4F009D11851F /* americano_pic_1_square.png in Resources */,
				53C9AE5F738D436AB33F9244 /* americano_pic_2_square.png in Resources */,
				B0779AB714114DEB9056245D /* americano_pic_3_square.png in Resources */,
				3F6634D7A0DE45CE838054FF /* arabica_coffee_beans_portrait.png in Resources */,
				CAFD5FA849AF4D2E9AAA7A24 /* arabica_coffee_beans_square.png in Resources */,
				28DD84FBE149423D854B76BA /* black_coffee_pic_1_portrait.png in Resources */,
				69B756E9E5664989A59280F2 /* black_coffee_pic_2_portrait.png in Resources */,
				B32B60AA12DF477895B9889C /* black_coffee_pic_3_portrait.png in Resources */,
				3D9F6654F3E64D779867379E /* black_coffee_pic_1_square.png in Resources */,
				BDFB1FC7C36042A38DF61536 /* black_coffee_pic_2_square.png in Resources */,
				BAB4AE0C6683435FB57E67B8 /* black_coffee_pic_3_square.png in Resources */,
				15D0CAB14D034B3BB008751E /* cappuccino_pic_1_portrait.png in Resources */,
				B25FED6535A74CD8A2832701 /* cappuccino_pic_2_portrait.png in Resources */,
				D1BC428AECCC4C56ADE8726E /* cappuccino_pic_3_portrait.png in Resources */,
				8C0CCCA84D3344F189B305D7 /* cappuccino_pic_1_square.png in Resources */,
				FF1AC11C6EA24387B0867494 /* cappuccino_pic_2_square.png in Resources */,
				4AD05A471B264C12955EAB21 /* cappuccino_pic_3_square.png in Resources */,
				CF09557FA7524C21A4C8EE64 /* espresso_pic_1_portrait.png in Resources */,
				AD10CD55D3AE4DC2815FA0C3 /* espresso_pic_2_portrait.png in Resources */,
				C52D55C20F7143399C28A15C /* espresso_pic_3_portrait.png in Resources */,
				5BC91BF3B2C24216B6285C46 /* espresso_pic_1_square.png in Resources */,
				D8A34F5D73174715A4D69BBE /* espresso_pic_2_square.png in Resources */,
				EFF4FC32E266424F964CCC5C /* espresso_pic_3_square.png in Resources */,
				9E1D794310CD401BBAA6E6F2 /* excelsa_coffee_beans_portrait.png in Resources */,
				32E6AE6DFE2B448D8CF51654 /* excelsa_coffee_beans_square.png in Resources */,
				F52D7BCD52354360A59913DE /* latte_pic_1_portrait.png in Resources */,
				E358355149074EC4B28FCA35 /* latte_pic_2_portrait.png in Resources */,
				18F57B1C9E094DC29EF44B5D /* latte_pic_3_portrait.png in Resources */,
				D021C030E59E4BC18961CFC9 /* latte_pic_1_square.png in Resources */,
				3209C839A7BA4086B65CF029 /* latte_pic_2_square.png in Resources */,
				B508870C733C4EF5A8B2FD31 /* latte_pic_3_square.png in Resources */,
				200CBE80978D4AF89A43CB80 /* liberica_coffee_beans_portrait.png in Resources */,
				2C71538F32FD4F36884C58E3 /* liberica_coffee_beans_square.png in Resources */,
				6B707E67F2BE4985A1789BAE /* macchiato_pic_1_portrait.png in Resources */,
				C86DBE16A1564A2EB21CC501 /* macchiato_pic_2_portrait.png in Resources */,
				843E8C035E4944899E9D8025 /* macchiato_pic_3_portrait.png in Resources */,
				98B2DDB30FC14B1FB7F2AA04 /* macchiato_pic_1_square.png in Resources */,
				47CEA0AABC6A4093800A7F94 /* macchiato_pic_2_square.png in Resources */,
				595AC9A65268413A9C9CA441 /* macchiato_pic_3_square.png in Resources */,
				29518347086E427D970E5102 /* robusta_coffee_beans_portrait.png in Resources */,
				AFA78988B3FA4FD9B9CF4246 /* robusta_coffee_beans_square.png in Resources */,
			);
			runOnlyForDeploymentPostprocessing = 0;
		};
/* End PBXResourcesBuildPhase section */

/* Begin PBXShellScriptBuildPhase section */
		00DD1BFF1BD5951E006B06BC /* Bundle React Native code and images */ = {
			isa = PBXShellScriptBuildPhase;
			buildActionMask = 2147483647;
			files = (
			);
			inputPaths = (
				"$(SRCROOT)/.xcode.env.local",
				"$(SRCROOT)/.xcode.env",
			);
			name = "Bundle React Native code and images";
			outputPaths = (
			);
			runOnlyForDeploymentPostprocessing = 0;
			shellPath = /bin/sh;
			shellScript = "set -e\n\nWITH_ENVIRONMENT=\"../node_modules/react-native/scripts/xcode/with-environment.sh\"\nREACT_NATIVE_XCODE=\"../node_modules/react-native/scripts/react-native-xcode.sh\"\n\n/bin/sh -c \"$WITH_ENVIRONMENT $REACT_NATIVE_XCODE\"\n";
		};
		00EEFC60759A1932668264C0 /* [CP] Embed Pods Frameworks */ = {
			isa = PBXShellScriptBuildPhase;
			buildActionMask = 2147483647;
			files = (
			);
			inputFileListPaths = (
				"${PODS_ROOT}/Target Support Files/Pods-CoffeeApp/Pods-CoffeeApp-frameworks-${CONFIGURATION}-input-files.xcfilelist",
			);
			name = "[CP] Embed Pods Frameworks";
			outputFileListPaths = (
				"${PODS_ROOT}/Target Support Files/Pods-CoffeeApp/Pods-CoffeeApp-frameworks-${CONFIGURATION}-output-files.xcfilelist",
			);
			runOnlyForDeploymentPostprocessing = 0;
			shellPath = /bin/sh;
			shellScript = "\"${PODS_ROOT}/Target Support Files/Pods-CoffeeApp/Pods-CoffeeApp-frameworks.sh\"\n";
			showEnvVarsInLog = 0;
		};
		A55EABD7B0C7F3A422A6CC61 /* [CP] Check Pods Manifest.lock */ = {
			isa = PBXShellScriptBuildPhase;
			buildActionMask = 2147483647;
			files = (
			);
			inputFileListPaths = (
			);
			inputPaths = (
				"${PODS_PODFILE_DIR_PATH}/Podfile.lock",
				"${PODS_ROOT}/Manifest.lock",
			);
			name = "[CP] Check Pods Manifest.lock";
			outputFileListPaths = (
			);
			outputPaths = (
				"$(DERIVED_FILE_DIR)/Pods-CoffeeApp-CoffeeAppTests-checkManifestLockResult.txt",
			);
			runOnlyForDeploymentPostprocessing = 0;
			shellPath = /bin/sh;
			shellScript = "diff \"${PODS_PODFILE_DIR_PATH}/Podfile.lock\" \"${PODS_ROOT}/Manifest.lock\" > /dev/null\nif [ $? != 0 ] ; then\n    # print error to STDERR\n    echo \"error: The sandbox is not in sync with the Podfile.lock. Run 'pod install' or update your CocoaPods installation.\" >&2\n    exit 1\nfi\n# This output is used by Xcode 'outputs' to avoid re-running this script phase.\necho \"SUCCESS\" > \"${SCRIPT_OUTPUT_FILE_0}\"\n";
			showEnvVarsInLog = 0;
		};
		C38B50BA6285516D6DCD4F65 /* [CP] Check Pods Manifest.lock */ = {
			isa = PBXShellScriptBuildPhase;
			buildActionMask = 2147483647;
			files = (
			);
			inputFileListPaths = (
			);
			inputPaths = (
				"${PODS_PODFILE_DIR_PATH}/Podfile.lock",
				"${PODS_ROOT}/Manifest.lock",
			);
			name = "[CP] Check Pods Manifest.lock";
			outputFileListPaths = (
			);
			outputPaths = (
				"$(DERIVED_FILE_DIR)/Pods-CoffeeApp-checkManifestLockResult.txt",
			);
			runOnlyForDeploymentPostprocessing = 0;
			shellPath = /bin/sh;
			shellScript = "diff \"${PODS_PODFILE_DIR_PATH}/Podfile.lock\" \"${PODS_ROOT}/Manifest.lock\" > /dev/null\nif [ $? != 0 ] ; then\n    # print error to STDERR\n    echo \"error: The sandbox is not in sync with the Podfile.lock. Run 'pod install' or update your CocoaPods installation.\" >&2\n    exit 1\nfi\n# This output is used by Xcode 'outputs' to avoid re-running this script phase.\necho \"SUCCESS\" > \"${SCRIPT_OUTPUT_FILE_0}\"\n";
			showEnvVarsInLog = 0;
		};
		C59DA0FBD6956966B86A3779 /* [CP] Embed Pods Frameworks */ = {
			isa = PBXShellScriptBuildPhase;
			buildActionMask = 2147483647;
			files = (
			);
			inputFileListPaths = (
				"${PODS_ROOT}/Target Support Files/Pods-CoffeeApp-CoffeeAppTests/Pods-CoffeeApp-CoffeeAppTests-frameworks-${CONFIGURATION}-input-files.xcfilelist",
			);
			name = "[CP] Embed Pods Frameworks";
			outputFileListPaths = (
				"${PODS_ROOT}/Target Support Files/Pods-CoffeeApp-CoffeeAppTests/Pods-CoffeeApp-CoffeeAppTests-frameworks-${CONFIGURATION}-output-files.xcfilelist",
			);
			runOnlyForDeploymentPostprocessing = 0;
			shellPath = /bin/sh;
			shellScript = "\"${PODS_ROOT}/Target Support Files/Pods-CoffeeApp-CoffeeAppTests/Pods-CoffeeApp-CoffeeAppTests-frameworks.sh\"\n";
			showEnvVarsInLog = 0;
		};
		E235C05ADACE081382539298 /* [CP] Copy Pods Resources */ = {
			isa = PBXShellScriptBuildPhase;
			buildActionMask = 2147483647;
			files = (
			);
			inputFileListPaths = (
				"${PODS_ROOT}/Target Support Files/Pods-CoffeeApp/Pods-CoffeeApp-resources-${CONFIGURATION}-input-files.xcfilelist",
			);
			name = "[CP] Copy Pods Resources";
			outputFileListPaths = (
				"${PODS_ROOT}/Target Support Files/Pods-CoffeeApp/Pods-CoffeeApp-resources-${CONFIGURATION}-output-files.xcfilelist",
			);
			runOnlyForDeploymentPostprocessing = 0;
			shellPath = /bin/sh;
			shellScript = "\"${PODS_ROOT}/Target Support Files/Pods-CoffeeApp/Pods-CoffeeApp-resources.sh\"\n";
			showEnvVarsInLog = 0;
		};
		F6A41C54EA430FDDC6A6ED99 /* [CP] Copy Pods Resources */ = {
			isa = PBXShellScriptBuildPhase;
			buildActionMask = 2147483647;
			files = (
			);
			inputFileListPaths = (
				"${PODS_ROOT}/Target Support Files/Pods-CoffeeApp-CoffeeAppTests/Pods-CoffeeApp-CoffeeAppTests-resources-${CONFIGURATION}-input-files.xcfilelist",
			);
			name = "[CP] Copy Pods Resources";
			outputFileListPaths = (
				"${PODS_ROOT}/Target Support Files/Pods-CoffeeApp-CoffeeAppTests/Pods-CoffeeApp-CoffeeAppTests-resources-${CONFIGURATION}-output-files.xcfilelist",
			);
			runOnlyForDeploymentPostprocessing = 0;
			shellPath = /bin/sh;
			shellScript = "\"${PODS_ROOT}/Target Support Files/Pods-CoffeeApp-CoffeeAppTests/Pods-CoffeeApp-CoffeeAppTests-resources.sh\"\n";
			showEnvVarsInLog = 0;
		};
/* End PBXShellScriptBuildPhase section */

/* Begin PBXSourcesBuildPhase section */
		00E356EA1AD99517003FC87E /* Sources */ = {
			isa = PBXSourcesBuildPhase;
			buildActionMask = 2147483647;
			files = (
				00E356F31AD99517003FC87E /* CoffeeAppTests.m in Sources */,
			);
			runOnlyForDeploymentPostprocessing = 0;
		};
		13B07F871A680F5B00A75B9A /* Sources */ = {
			isa = PBXSourcesBuildPhase;
			buildActionMask = 2147483647;
			files = (
				13B07FBC1A68108700A75B9A /* AppDelegate.mm in Sources */,
				13B07FC11A68108700A75B9A /* main.m in Sources */,
			);
			runOnlyForDeploymentPostprocessing = 0;
		};
/* End PBXSourcesBuildPhase section */

/* Begin PBXTargetDependency section */
		00E356F51AD99517003FC87E /* PBXTargetDependency */ = {
			isa = PBXTargetDependency;
			target = 13B07F861A680F5B00A75B9A /* CoffeeApp */;
			targetProxy = 00E356F41AD99517003FC87E /* PBXContainerItemProxy */;
		};
/* End PBXTargetDependency section */

/* Begin XCBuildConfiguration section */
		00E356F61AD99517003FC87E /* Debug */ = {
			isa = XCBuildConfiguration;
			baseConfigurationReference = 5B7EB9410499542E8C5724F5 /* Pods-CoffeeApp-CoffeeAppTests.debug.xcconfig */;
			buildSettings = {
				BUNDLE_LOADER = "$(TEST_HOST)";
				GCC_PREPROCESSOR_DEFINITIONS = (
					"DEBUG=1",
					"$(inherited)",
				);
				INFOPLIST_FILE = CoffeeAppTests/Info.plist;
				IPHONEOS_DEPLOYMENT_TARGET = 13.4;
				LD_RUNPATH_SEARCH_PATHS = (
					"$(inherited)",
					"@executable_path/Frameworks",
					"@loader_path/Frameworks",
				);
				OTHER_LDFLAGS = (
					"-ObjC",
					"-lc++",
					"$(inherited)",
				);
				PRODUCT_BUNDLE_IDENTIFIER = "org.reactjs.native.example.$(PRODUCT_NAME:rfc1034identifier)";
				PRODUCT_NAME = "$(TARGET_NAME)";
				TEST_HOST = "$(BUILT_PRODUCTS_DIR)/CoffeeApp.app/CoffeeApp";
			};
			name = Debug;
		};
		00E356F71AD99517003FC87E /* Release */ = {
			isa = XCBuildConfiguration;
			baseConfigurationReference = 89C6BE57DB24E9ADA2F236DE /* Pods-CoffeeApp-CoffeeAppTests.release.xcconfig */;
			buildSettings = {
				BUNDLE_LOADER = "$(TEST_HOST)";
				COPY_PHASE_STRIP = NO;
				INFOPLIST_FILE = CoffeeAppTests/Info.plist;
				IPHONEOS_DEPLOYMENT_TARGET = 13.4;
				LD_RUNPATH_SEARCH_PATHS = (
					"$(inherited)",
					"@executable_path/Frameworks",
					"@loader_path/Frameworks",
				);
				OTHER_LDFLAGS = (
					"-ObjC",
					"-lc++",
					"$(inherited)",
				);
				PRODUCT_BUNDLE_IDENTIFIER = "org.reactjs.native.example.$(PRODUCT_NAME:rfc1034identifier)";
				PRODUCT_NAME = "$(TARGET_NAME)";
				TEST_HOST = "$(BUILT_PRODUCTS_DIR)/CoffeeApp.app/CoffeeApp";
			};
			name = Release;
		};
		13B07F941A680F5B00A75B9A /* Debug */ = {
			isa = XCBuildConfiguration;
			baseConfigurationReference = 3B4392A12AC88292D35C810B /* Pods-CoffeeApp.debug.xcconfig */;
			buildSettings = {
				ASSETCATALOG_COMPILER_APPICON_NAME = AppIcon;
				CLANG_ENABLE_MODULES = YES;
				CURRENT_PROJECT_VERSION = 1;
				ENABLE_BITCODE = NO;
				INFOPLIST_FILE = CoffeeApp/Info.plist;
				LD_RUNPATH_SEARCH_PATHS = (
					"$(inherited)",
					"@executable_path/Frameworks",
				);
				MARKETING_VERSION = 1.0;
				OTHER_LDFLAGS = (
					"$(inherited)",
					"-ObjC",
					"-lc++",
				);
				PRODUCT_BUNDLE_IDENTIFIER = "org.reactjs.native.example.$(PRODUCT_NAME:rfc1034identifier)";
				PRODUCT_NAME = CoffeeApp;
				SWIFT_OPTIMIZATION_LEVEL = "-Onone";
				SWIFT_VERSION = 5.0;
				VERSIONING_SYSTEM = "apple-generic";
			};
			name = Debug;
		};
		13B07F951A680F5B00A75B9A /* Release */ = {
			isa = XCBuildConfiguration;
			baseConfigurationReference = 5709B34CF0A7D63546082F79 /* Pods-CoffeeApp.release.xcconfig */;
			buildSettings = {
				ASSETCATALOG_COMPILER_APPICON_NAME = AppIcon;
				CLANG_ENABLE_MODULES = YES;
				CURRENT_PROJECT_VERSION = 1;
				INFOPLIST_FILE = CoffeeApp/Info.plist;
				LD_RUNPATH_SEARCH_PATHS = (
					"$(inherited)",
					"@executable_path/Frameworks",
				);
				MARKETING_VERSION = 1.0;
				OTHER_LDFLAGS = (
					"$(inherited)",
					"-ObjC",
					"-lc++",
				);
				PRODUCT_BUNDLE_IDENTIFIER = "org.reactjs.native.example.$(PRODUCT_NAME:rfc1034identifier)";
				PRODUCT_NAME = CoffeeApp;
				SWIFT_VERSION = 5.0;
				VERSIONING_SYSTEM = "apple-generic";
			};
			name = Release;
		};
		83CBBA201A601CBA00E9B192 /* Debug */ = {
			isa = XCBuildConfiguration;
			buildSettings = {
				ALWAYS_SEARCH_USER_PATHS = NO;
				CLANG_ANALYZER_LOCALIZABILITY_NONLOCALIZED = YES;
				CLANG_CXX_LANGUAGE_STANDARD = "c++20";
				CLANG_CXX_LIBRARY = "libc++";
				CLANG_ENABLE_MODULES = YES;
				CLANG_ENABLE_OBJC_ARC = YES;
				CLANG_WARN_BLOCK_CAPTURE_AUTORELEASING = YES;
				CLANG_WARN_BOOL_CONVERSION = YES;
				CLANG_WARN_COMMA = YES;
				CLANG_WARN_CONSTANT_CONVERSION = YES;
				CLANG_WARN_DEPRECATED_OBJC_IMPLEMENTATIONS = YES;
				CLANG_WARN_DIRECT_OBJC_ISA_USAGE = YES_ERROR;
				CLANG_WARN_EMPTY_BODY = YES;
				CLANG_WARN_ENUM_CONVERSION = YES;
				CLANG_WARN_INFINITE_RECURSION = YES;
				CLANG_WARN_INT_CONVERSION = YES;
				CLANG_WARN_NON_LITERAL_NULL_CONVERSION = YES;
				CLANG_WARN_OBJC_IMPLICIT_RETAIN_SELF = YES;
				CLANG_WARN_OBJC_LITERAL_CONVERSION = YES;
				CLANG_WARN_OBJC_ROOT_CLASS = YES_ERROR;
				CLANG_WARN_QUOTED_INCLUDE_IN_FRAMEWORK_HEADER = YES;
				CLANG_WARN_RANGE_LOOP_ANALYSIS = YES;
				CLANG_WARN_STRICT_PROTOTYPES = YES;
				CLANG_WARN_SUSPICIOUS_MOVE = YES;
				CLANG_WARN_UNREACHABLE_CODE = YES;
				CLANG_WARN__DUPLICATE_METHOD_MATCH = YES;
				"CODE_SIGN_IDENTITY[sdk=iphoneos*]" = "iPhone Developer";
				COPY_PHASE_STRIP = NO;
				ENABLE_STRICT_OBJC_MSGSEND = YES;
				ENABLE_TESTABILITY = YES;
				"EXCLUDED_ARCHS[sdk=iphonesimulator*]" = "";
				GCC_C_LANGUAGE_STANDARD = gnu99;
				GCC_DYNAMIC_NO_PIC = NO;
				GCC_NO_COMMON_BLOCKS = YES;
				GCC_OPTIMIZATION_LEVEL = 0;
				GCC_PREPROCESSOR_DEFINITIONS = (
					"DEBUG=1",
					"$(inherited)",
				);
				GCC_SYMBOLS_PRIVATE_EXTERN = NO;
				GCC_WARN_64_TO_32_BIT_CONVERSION = YES;
				GCC_WARN_ABOUT_RETURN_TYPE = YES_ERROR;
				GCC_WARN_UNDECLARED_SELECTOR = YES;
				GCC_WARN_UNINITIALIZED_AUTOS = YES_AGGRESSIVE;
				GCC_WARN_UNUSED_FUNCTION = YES;
				GCC_WARN_UNUSED_VARIABLE = YES;
				IPHONEOS_DEPLOYMENT_TARGET = 13.4;
				LD_RUNPATH_SEARCH_PATHS = (
					/usr/lib/swift,
					"$(inherited)",
				);
				LIBRARY_SEARCH_PATHS = (
					"\"$(SDKROOT)/usr/lib/swift\"",
					"\"$(TOOLCHAIN_DIR)/usr/lib/swift/$(PLATFORM_NAME)\"",
					"\"$(inherited)\"",
				);
				MTL_ENABLE_DEBUG_INFO = YES;
				ONLY_ACTIVE_ARCH = YES;
				OTHER_CPLUSPLUSFLAGS = (
					"$(OTHER_CFLAGS)",
					"-DFOLLY_NO_CONFIG",
					"-DFOLLY_MOBILE=1",
					"-DFOLLY_USE_LIBCPP=1",
					"-DFOLLY_CFG_NO_COROUTINES=1",
				);
				SDKROOT = iphoneos;
			};
			name = Debug;
		};
		83CBBA211A601CBA00E9B192 /* Release */ = {
			isa = XCBuildConfiguration;
			buildSettings = {
				ALWAYS_SEARCH_USER_PATHS = NO;
				CLANG_ANALYZER_LOCALIZABILITY_NONLOCALIZED = YES;
				CLANG_CXX_LANGUAGE_STANDARD = "c++20";
				CLANG_CXX_LIBRARY = "libc++";
				CLANG_ENABLE_MODULES = YES;
				CLANG_ENABLE_OBJC_ARC = YES;
				CLANG_WARN_BLOCK_CAPTURE_AUTORELEASING = YES;
				CLANG_WARN_BOOL_CONVERSION = YES;
				CLANG_WARN_COMMA = YES;
				CLANG_WARN_CONSTANT_CONVERSION = YES;
				CLANG_WARN_DEPRECATED_OBJC_IMPLEMENTATIONS = YES;
				CLANG_WARN_DIRECT_OBJC_ISA_USAGE = YES_ERROR;
				CLANG_WARN_EMPTY_BODY = YES;
				CLANG_WARN_ENUM_CONVERSION = YES;
				CLANG_WARN_INFINITE_RECURSION = YES;
				CLANG_WARN_INT_CONVERSION = YES;
				CLANG_WARN_NON_LITERAL_NULL_CONVERSION = YES;
				CLANG_WARN_OBJC_IMPLICIT_RETAIN_SELF = YES;
				CLANG_WARN_OBJC_LITERAL_CONVERSION = YES;
				CLANG_WARN_OBJC_ROOT_CLASS = YES_ERROR;
				CLANG_WARN_QUOTED_INCLUDE_IN_FRAMEWORK_HEADER = YES;
				CLANG_WARN_RANGE_LOOP_ANALYSIS = YES;
				CLANG_WARN_STRICT_PROTOTYPES = YES;
				CLANG_WARN_SUSPICIOUS_MOVE = YES;
				CLANG_WARN_UNREACHABLE_CODE = YES;
				CLANG_WARN__DUPLICATE_METHOD_MATCH = YES;
				"CODE_SIGN_IDENTITY[sdk=iphoneos*]" = "iPhone Developer";
				COPY_PHASE_STRIP = YES;
				ENABLE_NS_ASSERTIONS = NO;
				ENABLE_STRICT_OBJC_MSGSEND = YES;
				"EXCLUDED_ARCHS[sdk=iphonesimulator*]" = "";
				GCC_C_LANGUAGE_STANDARD = gnu99;
				GCC_NO_COMMON_BLOCKS = YES;
				GCC_WARN_64_TO_32_BIT_CONVERSION = YES;
				GCC_WARN_ABOUT_RETURN_TYPE = YES_ERROR;
				GCC_WARN_UNDECLARED_SELECTOR = YES;
				GCC_WARN_UNINITIALIZED_AUTOS = YES_AGGRESSIVE;
				GCC_WARN_UNUSED_FUNCTION = YES;
				GCC_WARN_UNUSED_VARIABLE = YES;
				IPHONEOS_DEPLOYMENT_TARGET = 13.4;
				LD_RUNPATH_SEARCH_PATHS = (
					/usr/lib/swift,
					"$(inherited)",
				);
				LIBRARY_SEARCH_PATHS = (
					"\"$(SDKROOT)/usr/lib/swift\"",
					"\"$(TOOLCHAIN_DIR)/usr/lib/swift/$(PLATFORM_NAME)\"",
					"\"$(inherited)\"",
				);
				MTL_ENABLE_DEBUG_INFO = NO;
				OTHER_CPLUSPLUSFLAGS = (
					"$(OTHER_CFLAGS)",
					"-DFOLLY_NO_CONFIG",
					"-DFOLLY_MOBILE=1",
					"-DFOLLY_USE_LIBCPP=1",
					"-DFOLLY_CFG_NO_COROUTINES=1",
				);
				SDKROOT = iphoneos;
				VALIDATE_PRODUCT = YES;
			};
			name = Release;
		};
/* End XCBuildConfiguration section */

/* Begin XCConfigurationList section */
		00E357021AD99517003FC87E /* Build configuration list for PBXNativeTarget "CoffeeAppTests" */ = {
			isa = XCConfigurationList;
			buildConfigurations = (
				00E356F61AD99517003FC87E /* Debug */,
				00E356F71AD99517003FC87E /* Release */,
			);
			defaultConfigurationIsVisible = 0;
			defaultConfigurationName = Release;
		};
		13B07F931A680F5B00A75B9A /* Build configuration list for PBXNativeTarget "CoffeeApp" */ = {
			isa = XCConfigurationList;
			buildConfigurations = (
				13B07F941A680F5B00A75B9A /* Debug */,
				13B07F951A680F5B00A75B9A /* Release */,
			);
			defaultConfigurationIsVisible = 0;
			defaultConfigurationName = Release;
		};
		83CBB9FA1A601CBA00E9B192 /* Build configuration list for PBXProject "CoffeeApp" */ = {
			isa = XCConfigurationList;
			buildConfigurations = (
				83CBBA201A601CBA00E9B192 /* Debug */,
				83CBBA211A601CBA00E9B192 /* Release */,
			);
			defaultConfigurationIsVisible = 0;
			defaultConfigurationName = Release;
		};
/* End XCConfigurationList section */
	};
	rootObject = 83CBB9F71A601CBA00E9B192 /* Project object */;
}
